// !$*UTF8*$!
{
	archiveVersion = 1;
	classes = {
	};
	objectVersion = 56;
	objects = {

/* Begin PBXBuildFile section */
		BC4C04692936205F009BE111 /* CoinLogoView.swift in Sources */ = {isa = PBXBuildFile; fileRef = BC4C04682936205F009BE111 /* CoinLogoView.swift */; };
		BCB9F88C292A005D00864CB4 /* CryptoApp.swift in Sources */ = {isa = PBXBuildFile; fileRef = BCB9F88B292A005D00864CB4 /* CryptoApp.swift */; };
		BCB9F88E292A005D00864CB4 /* ContentView.swift in Sources */ = {isa = PBXBuildFile; fileRef = BCB9F88D292A005D00864CB4 /* ContentView.swift */; };
		BCB9F890292A005D00864CB4 /* Assets.xcassets in Resources */ = {isa = PBXBuildFile; fileRef = BCB9F88F292A005D00864CB4 /* Assets.xcassets */; };
		BCB9F893292A005D00864CB4 /* Preview Assets.xcassets in Resources */ = {isa = PBXBuildFile; fileRef = BCB9F892292A005D00864CB4 /* Preview Assets.xcassets */; };
		BCB9F89D292A02A800864CB4 /* Color.swift in Sources */ = {isa = PBXBuildFile; fileRef = BCB9F89C292A02A800864CB4 /* Color.swift */; };
		BCB9F8A3292A065A00864CB4 /* HomeView.swift in Sources */ = {isa = PBXBuildFile; fileRef = BCB9F8A2292A065A00864CB4 /* HomeView.swift */; };
		BCB9F8A7292A074A00864CB4 /* CircleButtonView.swift in Sources */ = {isa = PBXBuildFile; fileRef = BCB9F8A6292A074A00864CB4 /* CircleButtonView.swift */; };
		BCB9F8A9292A0B7B00864CB4 /* CircleButtonAnimationView.swift in Sources */ = {isa = PBXBuildFile; fileRef = BCB9F8A8292A0B7B00864CB4 /* CircleButtonAnimationView.swift */; };
		BCB9F8AC292A114C00864CB4 /* CoinModel.swift in Sources */ = {isa = PBXBuildFile; fileRef = BCB9F8AB292A114C00864CB4 /* CoinModel.swift */; };
		BCB9F8AE292A21E600864CB4 /* CoinRowView.swift in Sources */ = {isa = PBXBuildFile; fileRef = BCB9F8AD292A21E600864CB4 /* CoinRowView.swift */; };
		BCB9F8B0292A224100864CB4 /* PreviewProvider.swift in Sources */ = {isa = PBXBuildFile; fileRef = BCB9F8AF292A224100864CB4 /* PreviewProvider.swift */; };
		BCB9F8B2292A251400864CB4 /* Double.swift in Sources */ = {isa = PBXBuildFile; fileRef = BCB9F8B1292A251400864CB4 /* Double.swift */; };
		BCB9F8B4292BA83D00864CB4 /* HomeViewModel.swift in Sources */ = {isa = PBXBuildFile; fileRef = BCB9F8B3292BA83D00864CB4 /* HomeViewModel.swift */; };
		BCB9F8B7292BAF9F00864CB4 /* CoinDataService.swift in Sources */ = {isa = PBXBuildFile; fileRef = BCB9F8B6292BAF9F00864CB4 /* CoinDataService.swift */; };
		BCB9F8BE292C972D00864CB4 /* NetworkingManager.swift in Sources */ = {isa = PBXBuildFile; fileRef = BCB9F8BD292C972D00864CB4 /* NetworkingManager.swift */; };
		BCB9F8C1292C9E1A00864CB4 /* CoinImageView.swift in Sources */ = {isa = PBXBuildFile; fileRef = BCB9F8C0292C9E1A00864CB4 /* CoinImageView.swift */; };
		BCB9F8C3292C9FE000864CB4 /* CoinImageService.swift in Sources */ = {isa = PBXBuildFile; fileRef = BCB9F8C2292C9FE000864CB4 /* CoinImageService.swift */; };
		BCB9F8C5292CA10000864CB4 /* CoinImageViewModel.swift in Sources */ = {isa = PBXBuildFile; fileRef = BCB9F8C4292CA10000864CB4 /* CoinImageViewModel.swift */; };
		BCB9F8FB292E40B700864CB4 /* LocalFileManager.swift in Sources */ = {isa = PBXBuildFile; fileRef = BCB9F8FA292E40B700864CB4 /* LocalFileManager.swift */; };
		BCB9F8FD292E4D3500864CB4 /* SearchBarView.swift in Sources */ = {isa = PBXBuildFile; fileRef = BCB9F8FC292E4D3500864CB4 /* SearchBarView.swift */; };
		BCB9F8FF292E516900864CB4 /* UIApplication.swift in Sources */ = {isa = PBXBuildFile; fileRef = BCB9F8FE292E516900864CB4 /* UIApplication.swift */; };
		BCB9F90729335CA000864CB4 /* StatisticModel.swift in Sources */ = {isa = PBXBuildFile; fileRef = BCB9F90629335CA000864CB4 /* StatisticModel.swift */; };
		BCB9F90929335DBC00864CB4 /* StatisticView.swift in Sources */ = {isa = PBXBuildFile; fileRef = BCB9F90829335DBC00864CB4 /* StatisticView.swift */; };
		BCB9F90B2933609600864CB4 /* HomeStatsView.swift in Sources */ = {isa = PBXBuildFile; fileRef = BCB9F90A2933609600864CB4 /* HomeStatsView.swift */; };
		BCB9F90D2933645F00864CB4 /* MarketDataModel.swift in Sources */ = {isa = PBXBuildFile; fileRef = BCB9F90C2933645F00864CB4 /* MarketDataModel.swift */; };
		BCB9F90F2933700900864CB4 /* MarketDataService.swift in Sources */ = {isa = PBXBuildFile; fileRef = BCB9F90E2933700900864CB4 /* MarketDataService.swift */; };
		BCB9F9112936138400864CB4 /* PortfolioView.swift in Sources */ = {isa = PBXBuildFile; fileRef = BCB9F9102936138400864CB4 /* PortfolioView.swift */; };
		BCB9F9132936168400864CB4 /* XMarkButton.swift in Sources */ = {isa = PBXBuildFile; fileRef = BCB9F9122936168400864CB4 /* XMarkButton.swift */; };
		BCC65ACD293A1A950028E647 /* PortfolioContainer.xcdatamodeld in Sources */ = {isa = PBXBuildFile; fileRef = BCC65ACB293A1A950028E647 /* PortfolioContainer.xcdatamodeld */; };
		BCC65ACF293A1B280028E647 /* PortfolioDataService.swift in Sources */ = {isa = PBXBuildFile; fileRef = BCC65ACE293A1B280028E647 /* PortfolioDataService.swift */; };
		BCC65AD1293C753E0028E647 /* HapticManager.swift in Sources */ = {isa = PBXBuildFile; fileRef = BCC65AD0293C753E0028E647 /* HapticManager.swift */; };
		BCC65AD6293C80D40028E647 /* DetailView.swift in Sources */ = {isa = PBXBuildFile; fileRef = BCC65AD5293C80D40028E647 /* DetailView.swift */; };
/* End PBXBuildFile section */

/* Begin PBXFileReference section */
		BC4C04682936205F009BE111 /* CoinLogoView.swift */ = {isa = PBXFileReference; lastKnownFileType = sourcecode.swift; path = CoinLogoView.swift; sourceTree = "<group>"; };
		BCB9F888292A005D00864CB4 /* Crypto.app */ = {isa = PBXFileReference; explicitFileType = wrapper.application; includeInIndex = 0; path = Crypto.app; sourceTree = BUILT_PRODUCTS_DIR; };
		BCB9F88B292A005D00864CB4 /* CryptoApp.swift */ = {isa = PBXFileReference; lastKnownFileType = sourcecode.swift; path = CryptoApp.swift; sourceTree = "<group>"; };
		BCB9F88D292A005D00864CB4 /* ContentView.swift */ = {isa = PBXFileReference; lastKnownFileType = sourcecode.swift; path = ContentView.swift; sourceTree = "<group>"; };
		BCB9F88F292A005D00864CB4 /* Assets.xcassets */ = {isa = PBXFileReference; lastKnownFileType = folder.assetcatalog; path = Assets.xcassets; sourceTree = "<group>"; };
		BCB9F892292A005D00864CB4 /* Preview Assets.xcassets */ = {isa = PBXFileReference; lastKnownFileType = folder.assetcatalog; path = "Preview Assets.xcassets"; sourceTree = "<group>"; };
		BCB9F89C292A02A800864CB4 /* Color.swift */ = {isa = PBXFileReference; lastKnownFileType = sourcecode.swift; path = Color.swift; sourceTree = "<group>"; };
		BCB9F8A2292A065A00864CB4 /* HomeView.swift */ = {isa = PBXFileReference; lastKnownFileType = sourcecode.swift; path = HomeView.swift; sourceTree = "<group>"; };
		BCB9F8A6292A074A00864CB4 /* CircleButtonView.swift */ = {isa = PBXFileReference; lastKnownFileType = sourcecode.swift; path = CircleButtonView.swift; sourceTree = "<group>"; };
		BCB9F8A8292A0B7B00864CB4 /* CircleButtonAnimationView.swift */ = {isa = PBXFileReference; lastKnownFileType = sourcecode.swift; path = CircleButtonAnimationView.swift; sourceTree = "<group>"; };
		BCB9F8AB292A114C00864CB4 /* CoinModel.swift */ = {isa = PBXFileReference; lastKnownFileType = sourcecode.swift; path = CoinModel.swift; sourceTree = "<group>"; };
		BCB9F8AD292A21E600864CB4 /* CoinRowView.swift */ = {isa = PBXFileReference; lastKnownFileType = sourcecode.swift; path = CoinRowView.swift; sourceTree = "<group>"; };
		BCB9F8AF292A224100864CB4 /* PreviewProvider.swift */ = {isa = PBXFileReference; lastKnownFileType = sourcecode.swift; path = PreviewProvider.swift; sourceTree = "<group>"; };
		BCB9F8B1292A251400864CB4 /* Double.swift */ = {isa = PBXFileReference; lastKnownFileType = sourcecode.swift; path = Double.swift; sourceTree = "<group>"; };
		BCB9F8B3292BA83D00864CB4 /* HomeViewModel.swift */ = {isa = PBXFileReference; lastKnownFileType = sourcecode.swift; path = HomeViewModel.swift; sourceTree = "<group>"; };
		BCB9F8B6292BAF9F00864CB4 /* CoinDataService.swift */ = {isa = PBXFileReference; lastKnownFileType = sourcecode.swift; path = CoinDataService.swift; sourceTree = "<group>"; };
		BCB9F8BD292C972D00864CB4 /* NetworkingManager.swift */ = {isa = PBXFileReference; lastKnownFileType = sourcecode.swift; path = NetworkingManager.swift; sourceTree = "<group>"; };
		BCB9F8C0292C9E1A00864CB4 /* CoinImageView.swift */ = {isa = PBXFileReference; lastKnownFileType = sourcecode.swift; path = CoinImageView.swift; sourceTree = "<group>"; };
		BCB9F8C2292C9FE000864CB4 /* CoinImageService.swift */ = {isa = PBXFileReference; lastKnownFileType = sourcecode.swift; path = CoinImageService.swift; sourceTree = "<group>"; };
		BCB9F8C4292CA10000864CB4 /* CoinImageViewModel.swift */ = {isa = PBXFileReference; lastKnownFileType = sourcecode.swift; path = CoinImageViewModel.swift; sourceTree = "<group>"; };
		BCB9F8FA292E40B700864CB4 /* LocalFileManager.swift */ = {isa = PBXFileReference; lastKnownFileType = sourcecode.swift; path = LocalFileManager.swift; sourceTree = "<group>"; };
		BCB9F8FC292E4D3500864CB4 /* SearchBarView.swift */ = {isa = PBXFileReference; lastKnownFileType = sourcecode.swift; path = SearchBarView.swift; sourceTree = "<group>"; };
		BCB9F8FE292E516900864CB4 /* UIApplication.swift */ = {isa = PBXFileReference; lastKnownFileType = sourcecode.swift; path = UIApplication.swift; sourceTree = "<group>"; };
		BCB9F90629335CA000864CB4 /* StatisticModel.swift */ = {isa = PBXFileReference; lastKnownFileType = sourcecode.swift; path = StatisticModel.swift; sourceTree = "<group>"; };
		BCB9F90829335DBC00864CB4 /* StatisticView.swift */ = {isa = PBXFileReference; lastKnownFileType = sourcecode.swift; path = StatisticView.swift; sourceTree = "<group>"; };
		BCB9F90A2933609600864CB4 /* HomeStatsView.swift */ = {isa = PBXFileReference; lastKnownFileType = sourcecode.swift; path = HomeStatsView.swift; sourceTree = "<group>"; };
		BCB9F90C2933645F00864CB4 /* MarketDataModel.swift */ = {isa = PBXFileReference; lastKnownFileType = sourcecode.swift; path = MarketDataModel.swift; sourceTree = "<group>"; };
		BCB9F90E2933700900864CB4 /* MarketDataService.swift */ = {isa = PBXFileReference; lastKnownFileType = sourcecode.swift; path = MarketDataService.swift; sourceTree = "<group>"; };
		BCB9F9102936138400864CB4 /* PortfolioView.swift */ = {isa = PBXFileReference; lastKnownFileType = sourcecode.swift; path = PortfolioView.swift; sourceTree = "<group>"; };
		BCB9F9122936168400864CB4 /* XMarkButton.swift */ = {isa = PBXFileReference; lastKnownFileType = sourcecode.swift; path = XMarkButton.swift; sourceTree = "<group>"; };
		BCC65ACC293A1A950028E647 /* PortfolioContainer.xcdatamodel */ = {isa = PBXFileReference; lastKnownFileType = wrapper.xcdatamodel; path = PortfolioContainer.xcdatamodel; sourceTree = "<group>"; };
		BCC65ACE293A1B280028E647 /* PortfolioDataService.swift */ = {isa = PBXFileReference; lastKnownFileType = sourcecode.swift; path = PortfolioDataService.swift; sourceTree = "<group>"; };
		BCC65AD0293C753E0028E647 /* HapticManager.swift */ = {isa = PBXFileReference; lastKnownFileType = sourcecode.swift; path = HapticManager.swift; sourceTree = "<group>"; };
		BCC65AD5293C80D40028E647 /* DetailView.swift */ = {isa = PBXFileReference; lastKnownFileType = sourcecode.swift; path = DetailView.swift; sourceTree = "<group>"; };
/* End PBXFileReference section */

/* Begin PBXFrameworksBuildPhase section */
		BCB9F885292A005D00864CB4 /* Frameworks */ = {
			isa = PBXFrameworksBuildPhase;
			buildActionMask = 2147483647;
			files = (
			);
			runOnlyForDeploymentPostprocessing = 0;
		};
/* End PBXFrameworksBuildPhase section */

/* Begin PBXGroup section */
		BCB9F87F292A005C00864CB4 = {
			isa = PBXGroup;
			children = (
				BCB9F88A292A005D00864CB4 /* Crypto */,
				BCB9F889292A005D00864CB4 /* Products */,
			);
			sourceTree = "<group>";
		};
		BCB9F889292A005D00864CB4 /* Products */ = {
			isa = PBXGroup;
			children = (
				BCB9F888292A005D00864CB4 /* Crypto.app */,
			);
			name = Products;
			sourceTree = "<group>";
		};
		BCB9F88A292A005D00864CB4 /* Crypto */ = {
			isa = PBXGroup;
			children = (
				BCB9F88B292A005D00864CB4 /* CryptoApp.swift */,
				BCB9F8BC292C96F800864CB4 /* Utilities */,
				BCB9F89B292A029400864CB4 /* Extensions */,
				BCB9F8B5292BAF7800864CB4 /* Services */,
				BCB9F8AA292A113200864CB4 /* Models */,
				BCB9F89E292A060E00864CB4 /* Core */,
				BCB9F88D292A005D00864CB4 /* ContentView.swift */,
				BCB9F88F292A005D00864CB4 /* Assets.xcassets */,
				BCB9F891292A005D00864CB4 /* Preview Content */,
			);
			path = Crypto;
			sourceTree = "<group>";
		};
		BCB9F891292A005D00864CB4 /* Preview Content */ = {
			isa = PBXGroup;
			children = (
				BCB9F892292A005D00864CB4 /* Preview Assets.xcassets */,
			);
			path = "Preview Content";
			sourceTree = "<group>";
		};
		BCB9F89B292A029400864CB4 /* Extensions */ = {
			isa = PBXGroup;
			children = (
				BCB9F89C292A02A800864CB4 /* Color.swift */,
				BCB9F8AF292A224100864CB4 /* PreviewProvider.swift */,
				BCB9F8B1292A251400864CB4 /* Double.swift */,
				BCB9F8FE292E516900864CB4 /* UIApplication.swift */,
			);
			path = Extensions;
			sourceTree = "<group>";
		};
		BCB9F89E292A060E00864CB4 /* Core */ = {
			isa = PBXGroup;
			children = (
				BCB9F8A4292A071200864CB4 /* Components */,
				BCB9F89F292A061F00864CB4 /* Home */,
				BCC65AD2293C80900028E647 /* Detail */,
			);
			path = Core;
			sourceTree = "<group>";
		};
		BCB9F89F292A061F00864CB4 /* Home */ = {
			isa = PBXGroup;
			children = (
				BCB9F8A1292A062D00864CB4 /* ViewModels */,
				BCB9F8A0292A062700864CB4 /* Views */,
			);
			path = Home;
			sourceTree = "<group>";
		};
		BCB9F8A0292A062700864CB4 /* Views */ = {
			isa = PBXGroup;
			children = (
				BCB9F8A2292A065A00864CB4 /* HomeView.swift */,
				BCB9F8AD292A21E600864CB4 /* CoinRowView.swift */,
				BCB9F90A2933609600864CB4 /* HomeStatsView.swift */,
				BCB9F9102936138400864CB4 /* PortfolioView.swift */,
			);
			path = Views;
			sourceTree = "<group>";
		};
		BCB9F8A1292A062D00864CB4 /* ViewModels */ = {
			isa = PBXGroup;
			children = (
				BCB9F8B3292BA83D00864CB4 /* HomeViewModel.swift */,
			);
			path = ViewModels;
			sourceTree = "<group>";
		};
		BCB9F8A4292A071200864CB4 /* Components */ = {
			isa = PBXGroup;
			children = (
				BCB9F8BF292C9E0C00864CB4 /* CoinImage */,
				BCB9F8A5292A073200864CB4 /* CircleButton */,
				BCB9F8FC292E4D3500864CB4 /* SearchBarView.swift */,
				BCB9F90829335DBC00864CB4 /* StatisticView.swift */,
				BCB9F9122936168400864CB4 /* XMarkButton.swift */,
			);
			path = Components;
			sourceTree = "<group>";
		};
		BCB9F8A5292A073200864CB4 /* CircleButton */ = {
			isa = PBXGroup;
			children = (
				BCB9F8A6292A074A00864CB4 /* CircleButtonView.swift */,
				BCB9F8A8292A0B7B00864CB4 /* CircleButtonAnimationView.swift */,
			);
			path = CircleButton;
			sourceTree = "<group>";
		};
		BCB9F8AA292A113200864CB4 /* Models */ = {
			isa = PBXGroup;
			children = (
				BCB9F8AB292A114C00864CB4 /* CoinModel.swift */,
				BCB9F90629335CA000864CB4 /* StatisticModel.swift */,
				BCB9F90C2933645F00864CB4 /* MarketDataModel.swift */,
				BCC65ACB293A1A950028E647 /* PortfolioContainer.xcdatamodeld */,
			);
			path = Models;
			sourceTree = "<group>";
		};
		BCB9F8B5292BAF7800864CB4 /* Services */ = {
			isa = PBXGroup;
			children = (
				BCB9F8B6292BAF9F00864CB4 /* CoinDataService.swift */,
				BCB9F8C2292C9FE000864CB4 /* CoinImageService.swift */,
				BCB9F90E2933700900864CB4 /* MarketDataService.swift */,
				BCC65ACE293A1B280028E647 /* PortfolioDataService.swift */,
			);
			path = Services;
			sourceTree = "<group>";
		};
		BCB9F8BC292C96F800864CB4 /* Utilities */ = {
			isa = PBXGroup;
			children = (
				BCB9F8BD292C972D00864CB4 /* NetworkingManager.swift */,
				BCB9F8FA292E40B700864CB4 /* LocalFileManager.swift */,
				BCC65AD0293C753E0028E647 /* HapticManager.swift */,
			);
			path = Utilities;
			sourceTree = "<group>";
		};
		BCB9F8BF292C9E0C00864CB4 /* CoinImage */ = {
			isa = PBXGroup;
			children = (
				BCB9F8C0292C9E1A00864CB4 /* CoinImageView.swift */,
				BCB9F8C4292CA10000864CB4 /* CoinImageViewModel.swift */,
				BC4C04682936205F009BE111 /* CoinLogoView.swift */,
			);
			path = CoinImage;
			sourceTree = "<group>";
		};
		BCC65AD2293C80900028E647 /* Detail */ = {
			isa = PBXGroup;
			children = (
				BCC65AD4293C80C50028E647 /* ViewModels */,
				BCC65AD3293C80BC0028E647 /* Views */,
			);
			path = Detail;
			sourceTree = "<group>";
		};
		BCC65AD3293C80BC0028E647 /* Views */ = {
			isa = PBXGroup;
			children = (
				BCC65AD5293C80D40028E647 /* DetailView.swift */,
			);
			path = Views;
			sourceTree = "<group>";
		};
		BCC65AD4293C80C50028E647 /* ViewModels */ = {
			isa = PBXGroup;
			children = (
			);
			path = ViewModels;
			sourceTree = "<group>";
		};
/* End PBXGroup section */

/* Begin PBXNativeTarget section */
		BCB9F887292A005D00864CB4 /* Crypto */ = {
			isa = PBXNativeTarget;
			buildConfigurationList = BCB9F896292A005D00864CB4 /* Build configuration list for PBXNativeTarget "Crypto" */;
			buildPhases = (
				BCB9F884292A005D00864CB4 /* Sources */,
				BCB9F885292A005D00864CB4 /* Frameworks */,
				BCB9F886292A005D00864CB4 /* Resources */,
			);
			buildRules = (
			);
			dependencies = (
			);
			name = Crypto;
			productName = Crypto;
			productReference = BCB9F888292A005D00864CB4 /* Crypto.app */;
			productType = "com.apple.product-type.application";
		};
/* End PBXNativeTarget section */

/* Begin PBXProject section */
		BCB9F880292A005C00864CB4 /* Project object */ = {
			isa = PBXProject;
			attributes = {
				BuildIndependentTargetsInParallel = 1;
				LastSwiftUpdateCheck = 1410;
				LastUpgradeCheck = 1410;
				TargetAttributes = {
					BCB9F887292A005D00864CB4 = {
						CreatedOnToolsVersion = 14.1;
					};
				};
			};
			buildConfigurationList = BCB9F883292A005C00864CB4 /* Build configuration list for PBXProject "Crypto" */;
			compatibilityVersion = "Xcode 14.0";
			developmentRegion = en;
			hasScannedForEncodings = 0;
			knownRegions = (
				en,
				Base,
			);
			mainGroup = BCB9F87F292A005C00864CB4;
			productRefGroup = BCB9F889292A005D00864CB4 /* Products */;
			projectDirPath = "";
			projectRoot = "";
			targets = (
				BCB9F887292A005D00864CB4 /* Crypto */,
			);
		};
/* End PBXProject section */

/* Begin PBXResourcesBuildPhase section */
		BCB9F886292A005D00864CB4 /* Resources */ = {
			isa = PBXResourcesBuildPhase;
			buildActionMask = 2147483647;
			files = (
				BCB9F893292A005D00864CB4 /* Preview Assets.xcassets in Resources */,
				BCB9F890292A005D00864CB4 /* Assets.xcassets in Resources */,
			);
			runOnlyForDeploymentPostprocessing = 0;
		};
/* End PBXResourcesBuildPhase section */

/* Begin PBXSourcesBuildPhase section */
		BCB9F884292A005D00864CB4 /* Sources */ = {
			isa = PBXSourcesBuildPhase;
			buildActionMask = 2147483647;
			files = (
				BCC65ACD293A1A950028E647 /* PortfolioContainer.xcdatamodeld in Sources */,
				BCB9F90729335CA000864CB4 /* StatisticModel.swift in Sources */,
				BCB9F8AE292A21E600864CB4 /* CoinRowView.swift in Sources */,
				BCB9F8B4292BA83D00864CB4 /* HomeViewModel.swift in Sources */,
				BCB9F9132936168400864CB4 /* XMarkButton.swift in Sources */,
				BCB9F88E292A005D00864CB4 /* ContentView.swift in Sources */,
				BCB9F8A3292A065A00864CB4 /* HomeView.swift in Sources */,
				BCB9F8FB292E40B700864CB4 /* LocalFileManager.swift in Sources */,
				BCB9F90D2933645F00864CB4 /* MarketDataModel.swift in Sources */,
				BCB9F8B7292BAF9F00864CB4 /* CoinDataService.swift in Sources */,
				BCB9F90929335DBC00864CB4 /* StatisticView.swift in Sources */,
				BCB9F8C1292C9E1A00864CB4 /* CoinImageView.swift in Sources */,
				BCB9F88C292A005D00864CB4 /* CryptoApp.swift in Sources */,
				BCB9F8FF292E516900864CB4 /* UIApplication.swift in Sources */,
				BCB9F8A7292A074A00864CB4 /* CircleButtonView.swift in Sources */,
				BCB9F89D292A02A800864CB4 /* Color.swift in Sources */,
				BCC65AD6293C80D40028E647 /* DetailView.swift in Sources */,
				BCC65AD1293C753E0028E647 /* HapticManager.swift in Sources */,
				BCB9F8FD292E4D3500864CB4 /* SearchBarView.swift in Sources */,
				BCB9F8BE292C972D00864CB4 /* NetworkingManager.swift in Sources */,
				BC4C04692936205F009BE111 /* CoinLogoView.swift in Sources */,
				BCB9F90B2933609600864CB4 /* HomeStatsView.swift in Sources */,
				BCB9F90F2933700900864CB4 /* MarketDataService.swift in Sources */,
				BCB9F8A9292A0B7B00864CB4 /* CircleButtonAnimationView.swift in Sources */,
				BCB9F8C5292CA10000864CB4 /* CoinImageViewModel.swift in Sources */,
				BCB9F8B0292A224100864CB4 /* PreviewProvider.swift in Sources */,
				BCB9F9112936138400864CB4 /* PortfolioView.swift in Sources */,
				BCB9F8B2292A251400864CB4 /* Double.swift in Sources */,
				BCB9F8C3292C9FE000864CB4 /* CoinImageService.swift in Sources */,
				BCB9F8AC292A114C00864CB4 /* CoinModel.swift in Sources */,
				BCC65ACF293A1B280028E647 /* PortfolioDataService.swift in Sources */,
			);
			runOnlyForDeploymentPostprocessing = 0;
		};
/* End PBXSourcesBuildPhase section */

/* Begin XCBuildConfiguration section */
		BCB9F894292A005D00864CB4 /* Debug */ = {
			isa = XCBuildConfiguration;
			buildSettings = {
				ALWAYS_SEARCH_USER_PATHS = NO;
				CLANG_ANALYZER_NONNULL = YES;
				CLANG_ANALYZER_NUMBER_OBJECT_CONVERSION = YES_AGGRESSIVE;
				CLANG_CXX_LANGUAGE_STANDARD = "gnu++20";
				CLANG_ENABLE_MODULES = YES;
				CLANG_ENABLE_OBJC_ARC = YES;
				CLANG_ENABLE_OBJC_WEAK = YES;
				CLANG_WARN_BLOCK_CAPTURE_AUTORELEASING = YES;
				CLANG_WARN_BOOL_CONVERSION = YES;
				CLANG_WARN_COMMA = YES;
				CLANG_WARN_CONSTANT_CONVERSION = YES;
				CLANG_WARN_DEPRECATED_OBJC_IMPLEMENTATIONS = YES;
				CLANG_WARN_DIRECT_OBJC_ISA_USAGE = YES_ERROR;
				CLANG_WARN_DOCUMENTATION_COMMENTS = YES;
				CLANG_WARN_EMPTY_BODY = YES;
				CLANG_WARN_ENUM_CONVERSION = YES;
				CLANG_WARN_INFINITE_RECURSION = YES;
				CLANG_WARN_INT_CONVERSION = YES;
				CLANG_WARN_NON_LITERAL_NULL_CONVERSION = YES;
				CLANG_WARN_OBJC_IMPLICIT_RETAIN_SELF = YES;
				CLANG_WARN_OBJC_LITERAL_CONVERSION = YES;
				CLANG_WARN_OBJC_ROOT_CLASS = YES_ERROR;
				CLANG_WARN_QUOTED_INCLUDE_IN_FRAMEWORK_HEADER = YES;
				CLANG_WARN_RANGE_LOOP_ANALYSIS = YES;
				CLANG_WARN_STRICT_PROTOTYPES = YES;
				CLANG_WARN_SUSPICIOUS_MOVE = YES;
				CLANG_WARN_UNGUARDED_AVAILABILITY = YES_AGGRESSIVE;
				CLANG_WARN_UNREACHABLE_CODE = YES;
				CLANG_WARN__DUPLICATE_METHOD_MATCH = YES;
				COPY_PHASE_STRIP = NO;
				DEBUG_INFORMATION_FORMAT = dwarf;
				ENABLE_STRICT_OBJC_MSGSEND = YES;
				ENABLE_TESTABILITY = YES;
				GCC_C_LANGUAGE_STANDARD = gnu11;
				GCC_DYNAMIC_NO_PIC = NO;
				GCC_NO_COMMON_BLOCKS = YES;
				GCC_OPTIMIZATION_LEVEL = 0;
				GCC_PREPROCESSOR_DEFINITIONS = (
					"DEBUG=1",
					"$(inherited)",
				);
				GCC_WARN_64_TO_32_BIT_CONVERSION = YES;
				GCC_WARN_ABOUT_RETURN_TYPE = YES_ERROR;
				GCC_WARN_UNDECLARED_SELECTOR = YES;
				GCC_WARN_UNINITIALIZED_AUTOS = YES_AGGRESSIVE;
				GCC_WARN_UNUSED_FUNCTION = YES;
				GCC_WARN_UNUSED_VARIABLE = YES;
				IPHONEOS_DEPLOYMENT_TARGET = 16.1;
				MTL_ENABLE_DEBUG_INFO = INCLUDE_SOURCE;
				MTL_FAST_MATH = YES;
				ONLY_ACTIVE_ARCH = YES;
				SDKROOT = iphoneos;
				SWIFT_ACTIVE_COMPILATION_CONDITIONS = DEBUG;
				SWIFT_OPTIMIZATION_LEVEL = "-Onone";
			};
			name = Debug;
		};
		BCB9F895292A005D00864CB4 /* Release */ = {
			isa = XCBuildConfiguration;
			buildSettings = {
				ALWAYS_SEARCH_USER_PATHS = NO;
				CLANG_ANALYZER_NONNULL = YES;
				CLANG_ANALYZER_NUMBER_OBJECT_CONVERSION = YES_AGGRESSIVE;
				CLANG_CXX_LANGUAGE_STANDARD = "gnu++20";
				CLANG_ENABLE_MODULES = YES;
				CLANG_ENABLE_OBJC_ARC = YES;
				CLANG_ENABLE_OBJC_WEAK = YES;
				CLANG_WARN_BLOCK_CAPTURE_AUTORELEASING = YES;
				CLANG_WARN_BOOL_CONVERSION = YES;
				CLANG_WARN_COMMA = YES;
				CLANG_WARN_CONSTANT_CONVERSION = YES;
				CLANG_WARN_DEPRECATED_OBJC_IMPLEMENTATIONS = YES;
				CLANG_WARN_DIRECT_OBJC_ISA_USAGE = YES_ERROR;
				CLANG_WARN_DOCUMENTATION_COMMENTS = YES;
				CLANG_WARN_EMPTY_BODY = YES;
				CLANG_WARN_ENUM_CONVERSION = YES;
				CLANG_WARN_INFINITE_RECURSION = YES;
				CLANG_WARN_INT_CONVERSION = YES;
				CLANG_WARN_NON_LITERAL_NULL_CONVERSION = YES;
				CLANG_WARN_OBJC_IMPLICIT_RETAIN_SELF = YES;
				CLANG_WARN_OBJC_LITERAL_CONVERSION = YES;
				CLANG_WARN_OBJC_ROOT_CLASS = YES_ERROR;
				CLANG_WARN_QUOTED_INCLUDE_IN_FRAMEWORK_HEADER = YES;
				CLANG_WARN_RANGE_LOOP_ANALYSIS = YES;
				CLANG_WARN_STRICT_PROTOTYPES = YES;
				CLANG_WARN_SUSPICIOUS_MOVE = YES;
				CLANG_WARN_UNGUARDED_AVAILABILITY = YES_AGGRESSIVE;
				CLANG_WARN_UNREACHABLE_CODE = YES;
				CLANG_WARN__DUPLICATE_METHOD_MATCH = YES;
				COPY_PHASE_STRIP = NO;
				DEBUG_INFORMATION_FORMAT = "dwarf-with-dsym";
				ENABLE_NS_ASSERTIONS = NO;
				ENABLE_STRICT_OBJC_MSGSEND = YES;
				GCC_C_LANGUAGE_STANDARD = gnu11;
				GCC_NO_COMMON_BLOCKS = YES;
				GCC_WARN_64_TO_32_BIT_CONVERSION = YES;
				GCC_WARN_ABOUT_RETURN_TYPE = YES_ERROR;
				GCC_WARN_UNDECLARED_SELECTOR = YES;
				GCC_WARN_UNINITIALIZED_AUTOS = YES_AGGRESSIVE;
				GCC_WARN_UNUSED_FUNCTION = YES;
				GCC_WARN_UNUSED_VARIABLE = YES;
				IPHONEOS_DEPLOYMENT_TARGET = 16.1;
				MTL_ENABLE_DEBUG_INFO = NO;
				MTL_FAST_MATH = YES;
				SDKROOT = iphoneos;
				SWIFT_COMPILATION_MODE = wholemodule;
				SWIFT_OPTIMIZATION_LEVEL = "-O";
				VALIDATE_PRODUCT = YES;
			};
			name = Release;
		};
		BCB9F897292A005D00864CB4 /* Debug */ = {
			isa = XCBuildConfiguration;
			buildSettings = {
				ASSETCATALOG_COMPILER_APPICON_NAME = AppIcon;
				ASSETCATALOG_COMPILER_GLOBAL_ACCENT_COLOR_NAME = AccentColor;
				CODE_SIGN_STYLE = Automatic;
				CURRENT_PROJECT_VERSION = 1;
				DEVELOPMENT_ASSET_PATHS = "\"Crypto/Preview Content\"";
				DEVELOPMENT_TEAM = 664P5JW26B;
				ENABLE_PREVIEWS = YES;
				GENERATE_INFOPLIST_FILE = YES;
				INFOPLIST_KEY_CFBundleDisplayName = "Crypto Tracker";
				INFOPLIST_KEY_UIApplicationSceneManifest_Generation = YES;
				INFOPLIST_KEY_UIApplicationSupportsIndirectInputEvents = YES;
				INFOPLIST_KEY_UILaunchScreen_Generation = YES;
				INFOPLIST_KEY_UISupportedInterfaceOrientations = UIInterfaceOrientationPortrait;
				LD_RUNPATH_SEARCH_PATHS = (
					"$(inherited)",
					"@executable_path/Frameworks",
				);
				MARKETING_VERSION = 1.0;
				PRODUCT_BUNDLE_IDENTIFIER = com.Dophi.Crypto;
				PRODUCT_NAME = "$(TARGET_NAME)";
				SUPPORTED_PLATFORMS = "iphoneos iphonesimulator";
				SUPPORTS_MACCATALYST = NO;
				SUPPORTS_MAC_DESIGNED_FOR_IPHONE_IPAD = NO;
				SWIFT_EMIT_LOC_STRINGS = YES;
				SWIFT_VERSION = 5.0;
				TARGETED_DEVICE_FAMILY = "1,2";
			};
			name = Debug;
		};
		BCB9F898292A005D00864CB4 /* Release */ = {
			isa = XCBuildConfiguration;
			buildSettings = {
				ASSETCATALOG_COMPILER_APPICON_NAME = AppIcon;
				ASSETCATALOG_COMPILER_GLOBAL_ACCENT_COLOR_NAME = AccentColor;
				CODE_SIGN_STYLE = Automatic;
				CURRENT_PROJECT_VERSION = 1;
				DEVELOPMENT_ASSET_PATHS = "\"Crypto/Preview Content\"";
				DEVELOPMENT_TEAM = 664P5JW26B;
				ENABLE_PREVIEWS = YES;
				GENERATE_INFOPLIST_FILE = YES;
				INFOPLIST_KEY_CFBundleDisplayName = "Crypto Tracker";
				INFOPLIST_KEY_UIApplicationSceneManifest_Generation = YES;
				INFOPLIST_KEY_UIApplicationSupportsIndirectInputEvents = YES;
				INFOPLIST_KEY_UILaunchScreen_Generation = YES;
				INFOPLIST_KEY_UISupportedInterfaceOrientations = UIInterfaceOrientationPortrait;
				LD_RUNPATH_SEARCH_PATHS = (
					"$(inherited)",
					"@executable_path/Frameworks",
				);
				MARKETING_VERSION = 1.0;
				PRODUCT_BUNDLE_IDENTIFIER = com.Dophi.Crypto;
				PRODUCT_NAME = "$(TARGET_NAME)";
				SUPPORTED_PLATFORMS = "iphoneos iphonesimulator";
				SUPPORTS_MACCATALYST = NO;
				SUPPORTS_MAC_DESIGNED_FOR_IPHONE_IPAD = NO;
				SWIFT_EMIT_LOC_STRINGS = YES;
				SWIFT_VERSION = 5.0;
				TARGETED_DEVICE_FAMILY = "1,2";
			};
			name = Release;
		};
/* End XCBuildConfiguration section */

/* Begin XCConfigurationList section */
		BCB9F883292A005C00864CB4 /* Build configuration list for PBXProject "Crypto" */ = {
			isa = XCConfigurationList;
			buildConfigurations = (
				BCB9F894292A005D00864CB4 /* Debug */,
				BCB9F895292A005D00864CB4 /* Release */,
			);
			defaultConfigurationIsVisible = 0;
			defaultConfigurationName = Release;
		};
		BCB9F896292A005D00864CB4 /* Build configuration list for PBXNativeTarget "Crypto" */ = {
			isa = XCConfigurationList;
			buildConfigurations = (
				BCB9F897292A005D00864CB4 /* Debug */,
				BCB9F898292A005D00864CB4 /* Release */,
			);
			defaultConfigurationIsVisible = 0;
			defaultConfigurationName = Release;
		};
/* End XCConfigurationList section */

/* Begin XCVersionGroup section */
		BCC65ACB293A1A950028E647 /* PortfolioContainer.xcdatamodeld */ = {
			isa = XCVersionGroup;
			children = (
				BCC65ACC293A1A950028E647 /* PortfolioContainer.xcdatamodel */,
			);
			currentVersion = BCC65ACC293A1A950028E647 /* PortfolioContainer.xcdatamodel */;
			path = PortfolioContainer.xcdatamodeld;
			sourceTree = "<group>";
			versionGroupType = wrapper.xcdatamodel;
		};
/* End XCVersionGroup section */
	};
	rootObject = BCB9F880292A005C00864CB4 /* Project object */;
}
